{
    "name": "@box/schema4i.org",
    "version": "1.0.0",
    "lockfileVersion": 2,
    "requires": true,
    "packages": {
        "": {
            "name": "@box/schema4i.org",
            "version": "1.0.0",
            "license": "Creative Commons Attribution-ShareAlike License 3.0",
            "devDependencies": {
                "minimist": "^1.2.6"
            },
            "engines": {
                "node": ">=12.10"
            }
        },
        "node_modules/minimist": {
            "version": "1.2.6",
            "resolved": "https://registry.npmjs.org/minimist/-/minimist-1.2.6.tgz",
            "integrity": "sha512-Jsjnk4bw3YJqYzbdyBiNsPWHPfO++UGG749Cxs6peCu5Xg4nrena6OVxOYxrQTqww0Jmwt+Ref8rggumkTLz9Q==",
            "dev": true
        }
    },
    "dependencies": {
        "minimist": {
            "version": "1.2.6",
            "resolved": "https://registry.npmjs.org/minimist/-/minimist-1.2.6.tgz",
            "integrity": "sha512-Jsjnk4bw3YJqYzbdyBiNsPWHPfO++UGG749Cxs6peCu5Xg4nrena6OVxOYxrQTqww0Jmwt+Ref8rggumkTLz9Q==",
            "dev": true
        }
    }
}
